Microsoft Visual Studio Solution File, Format Version 12.00
# Visual Studio Version 17
VisualStudioVersion = 17.5.2.0
MinimumVisualStudioVersion = 10.0.40219.1
Project("{FAE04EC0-301F-11D3-BF4B-00C04F79EFBC}") = "shutdownsharp", "shutdownsharp.csproj", "{B91C26BE-9E69-6224-C21A-CFD2B77834E1}"
EndProject
Global
	GlobalSection(SolutionConfigurationPlatforms) = preSolution
		Debug|Any CPU = Debug|Any CPU
		Release|Any CPU = Release|Any CPU
	EndGlobalSection
	GlobalSection(ProjectConfigurationPlatforms) = postSolution
		{B91C26BE-9E69-6224-C21A-CFD2B77834E1}.Debug|Any CPU.ActiveCfg = Debug|Any CPU
		{B91C26BE-9E69-6224-C21A-CFD2B77834E1}.Debug|Any CPU.Build.0 = Debug|Any CPU
		{B91C26BE-9E69-6224-C21A-CFD2B77834E1}.Release|Any CPU.ActiveCfg = Release|Any CPU
		{B91C26BE-9E69-6224-C21A-CFD2B77834E1}.Release|Any CPU.Build.0 = Release|Any CPU
	EndGlobalSection
	GlobalSection(SolutionProperties) = preSolution
		HideSolutionNode = FALSE
	EndGlobalSection
	GlobalSection(ExtensibilityGlobals) = postSolution
		SolutionGuid = {D9718CE0-A83C-4642-97C2-B57EC707DA3F}
	EndGlobalSection
EndGlobal
